
Microsoft Visual Studio Solution File, Format Version 12.00
# Visual Studio Version 17
VisualStudioVersion = 17.0.31903.59
MinimumVisualStudioVersion = 10.0.40219.1
Project("{FAE04EC0-301F-11D3-BF4B-00C04F79EFBC}") = "Ogur.Fishing.Host.Wpf", "Ogur.Fishing.Host.Wpf\Ogur.Fishing.Host.Wpf.csproj", "{181F46A0-C259-4B1E-8182-57ABFAF9463A}"
EndProject
Project("{FAE04EC0-301F-11D3-BF4B-00C04F79EFBC}") = "Ogur.Infrastructure", "Ogur.Infrastructure\Ogur.Infrastructure.csproj", "{5F4AB706-56D1-45D7-A803-57CFCAECFAA8}"
EndProject
Project("{FAE04EC0-301F-11D3-BF4B-00C04F79EFBC}") = "Ogur.Capabilities.Fishing", "Ogur.Capabilities.Fishing\Ogur.Capabilities.Fishing.csproj", "{8FA0767F-B7CD-494A-A0DE-A3CDEDFC6F9A}"
EndProject
Global
	GlobalSection(SolutionConfigurationPlatforms) = preSolution
		Debug|Any CPU = Debug|Any CPU
		Release|Any CPU = Release|Any CPU
	EndGlobalSection
	GlobalSection(SolutionProperties) = preSolution
		HideSolutionNode = FALSE
	EndGlobalSection
	GlobalSection(ProjectConfigurationPlatforms) = postSolution
		{181F46A0-C259-4B1E-8182-57ABFAF9463A}.Debug|Any CPU.ActiveCfg = Debug|Any CPU
		{181F46A0-C259-4B1E-8182-57ABFAF9463A}.Debug|Any CPU.Build.0 = Debug|Any CPU
		{181F46A0-C259-4B1E-8182-57ABFAF9463A}.Release|Any CPU.ActiveCfg = Release|Any CPU
		{181F46A0-C259-4B1E-8182-57ABFAF9463A}.Release|Any CPU.Build.0 = Release|Any CPU
		{5F4AB706-56D1-45D7-A803-57CFCAECFAA8}.Debug|Any CPU.ActiveCfg = Debug|Any CPU
		{5F4AB706-56D1-45D7-A803-57CFCAECFAA8}.Debug|Any CPU.Build.0 = Debug|Any CPU
		{5F4AB706-56D1-45D7-A803-57CFCAECFAA8}.Release|Any CPU.ActiveCfg = Release|Any CPU
		{5F4AB706-56D1-45D7-A803-57CFCAECFAA8}.Release|Any CPU.Build.0 = Release|Any CPU
		{8FA0767F-B7CD-494A-A0DE-A3CDEDFC6F9A}.Debug|Any CPU.ActiveCfg = Debug|Any CPU
		{8FA0767F-B7CD-494A-A0DE-A3CDEDFC6F9A}.Debug|Any CPU.Build.0 = Debug|Any CPU
		{8FA0767F-B7CD-494A-A0DE-A3CDEDFC6F9A}.Release|Any CPU.ActiveCfg = Release|Any CPU
		{8FA0767F-B7CD-494A-A0DE-A3CDEDFC6F9A}.Release|Any CPU.Build.0 = Release|Any CPU
	EndGlobalSection
EndGlobal
